// !$*UTF8*$!
{
	archiveVersion = 1;
	classes = {
	};
	objectVersion = 55;
	objects = {

/* Begin PBXBuildFile section */
		38FC6E2828BA63C0006A1FE1 /* dementiaApp.swift in Sources */ = {isa = PBXBuildFile; fileRef = 38FC6E2728BA63C0006A1FE1 /* dementiaApp.swift */; };
		38FC6E2A28BA63C0006A1FE1 /* ContentView.swift in Sources */ = {isa = PBXBuildFile; fileRef = 38FC6E2928BA63C0006A1FE1 /* ContentView.swift */; };
		38FC6E2C28BA63C2006A1FE1 /* Assets.xcassets in Resources */ = {isa = PBXBuildFile; fileRef = 38FC6E2B28BA63C2006A1FE1 /* Assets.xcassets */; };
		38FC6E2F28BA63C2006A1FE1 /* Preview Assets.xcassets in Resources */ = {isa = PBXBuildFile; fileRef = 38FC6E2E28BA63C2006A1FE1 /* Preview Assets.xcassets */; };
		38FC6E3128BA63C2006A1FE1 /* Persistence.swift in Sources */ = {isa = PBXBuildFile; fileRef = 38FC6E3028BA63C2006A1FE1 /* Persistence.swift */; };
		38FC6E3428BA63C2006A1FE1 /* dementia.xcdatamodeld in Sources */ = {isa = PBXBuildFile; fileRef = 38FC6E3228BA63C2006A1FE1 /* dementia.xcdatamodeld */; };
		38FC6E3E28BA63C2006A1FE1 /* dementiaTests.swift in Sources */ = {isa = PBXBuildFile; fileRef = 38FC6E3D28BA63C2006A1FE1 /* dementiaTests.swift */; };
		38FC6E4828BA63C2006A1FE1 /* dementiaUITests.swift in Sources */ = {isa = PBXBuildFile; fileRef = 38FC6E4728BA63C2006A1FE1 /* dementiaUITests.swift */; };
		38FC6E4A28BA63C2006A1FE1 /* dementiaUITestsLaunchTests.swift in Sources */ = {isa = PBXBuildFile; fileRef = 38FC6E4928BA63C2006A1FE1 /* dementiaUITestsLaunchTests.swift */; };
		38FC6E5728BA652F006A1FE1 /* Dementia.swift in Sources */ = {isa = PBXBuildFile; fileRef = 38FC6E5628BA652F006A1FE1 /* Dementia.swift */; };
		38FC6E5928BA6AB9006A1FE1 /* CardView.swift in Sources */ = {isa = PBXBuildFile; fileRef = 38FC6E5828BA6AB9006A1FE1 /* CardView.swift */; };
/* End PBXBuildFile section */

/* Begin PBXContainerItemProxy section */
		38FC6E3A28BA63C2006A1FE1 /* PBXContainerItemProxy */ = {
			isa = PBXContainerItemProxy;
			containerPortal = 38FC6E1C28BA63C0006A1FE1 /* Project object */;
			proxyType = 1;
			remoteGlobalIDString = 38FC6E2328BA63C0006A1FE1;
			remoteInfo = dementia;
		};
		38FC6E4428BA63C2006A1FE1 /* PBXContainerItemProxy */ = {
			isa = PBXContainerItemProxy;
			containerPortal = 38FC6E1C28BA63C0006A1FE1 /* Project object */;
			proxyType = 1;
			remoteGlobalIDString = 38FC6E2328BA63C0006A1FE1;
			remoteInfo = dementia;
		};
/* End PBXContainerItemProxy section */

/* Begin PBXFileReference section */
		38FC6E2428BA63C0006A1FE1 /* dementia.app */ = {isa = PBXFileReference; explicitFileType = wrapper.application; includeInIndex = 0; path = dementia.app; sourceTree = BUILT_PRODUCTS_DIR; };
		38FC6E2728BA63C0006A1FE1 /* dementiaApp.swift */ = {isa = PBXFileReference; lastKnownFileType = sourcecode.swift; path = dementiaApp.swift; sourceTree = "<group>"; };
		38FC6E2928BA63C0006A1FE1 /* ContentView.swift */ = {isa = PBXFileReference; lastKnownFileType = sourcecode.swift; path = ContentView.swift; sourceTree = "<group>"; };
		38FC6E2B28BA63C2006A1FE1 /* Assets.xcassets */ = {isa = PBXFileReference; lastKnownFileType = folder.assetcatalog; path = Assets.xcassets; sourceTree = "<group>"; };
		38FC6E2E28BA63C2006A1FE1 /* Preview Assets.xcassets */ = {isa = PBXFileReference; lastKnownFileType = folder.assetcatalog; path = "Preview Assets.xcassets"; sourceTree = "<group>"; };
		38FC6E3028BA63C2006A1FE1 /* Persistence.swift */ = {isa = PBXFileReference; lastKnownFileType = sourcecode.swift; path = Persistence.swift; sourceTree = "<group>"; };
		38FC6E3328BA63C2006A1FE1 /* dementia.xcdatamodel */ = {isa = PBXFileReference; lastKnownFileType = wrapper.xcdatamodel; path = dementia.xcdatamodel; sourceTree = "<group>"; };
		38FC6E3928BA63C2006A1FE1 /* dementiaTests.xctest */ = {isa = PBXFileReference; explicitFileType = wrapper.cfbundle; includeInIndex = 0; path = dementiaTests.xctest; sourceTree = BUILT_PRODUCTS_DIR; };
		38FC6E3D28BA63C2006A1FE1 /* dementiaTests.swift */ = {isa = PBXFileReference; lastKnownFileType = sourcecode.swift; path = dementiaTests.swift; sourceTree = "<group>"; };
		38FC6E4328BA63C2006A1FE1 /* dementiaUITests.xctest */ = {isa = PBXFileReference; explicitFileType = wrapper.cfbundle; includeInIndex = 0; path = dementiaUITests.xctest; sourceTree = BUILT_PRODUCTS_DIR; };
		38FC6E4728BA63C2006A1FE1 /* dementiaUITests.swift */ = {isa = PBXFileReference; lastKnownFileType = sourcecode.swift; path = dementiaUITests.swift; sourceTree = "<group>"; };
		38FC6E4928BA63C2006A1FE1 /* dementiaUITestsLaunchTests.swift */ = {isa = PBXFileReference; lastKnownFileType = sourcecode.swift; path = dementiaUITestsLaunchTests.swift; sourceTree = "<group>"; };
		38FC6E5628BA652F006A1FE1 /* Dementia.swift */ = {isa = PBXFileReference; lastKnownFileType = sourcecode.swift; path = Dementia.swift; sourceTree = "<group>"; };
		38FC6E5828BA6AB9006A1FE1 /* CardView.swift */ = {isa = PBXFileReference; lastKnownFileType = sourcecode.swift; path = CardView.swift; sourceTree = "<group>"; };
/* End PBXFileReference section */

/* Begin PBXFrameworksBuildPhase section */
		38FC6E2128BA63C0006A1FE1 /* Frameworks */ = {
			isa = PBXFrameworksBuildPhase;
			buildActionMask = 2147483647;
			files = (
			);
			runOnlyForDeploymentPostprocessing = 0;
		};
		38FC6E3628BA63C2006A1FE1 /* Frameworks */ = {
			isa = PBXFrameworksBuildPhase;
			buildActionMask = 2147483647;
			files = (
			);
			runOnlyForDeploymentPostprocessing = 0;
		};
		38FC6E4028BA63C2006A1FE1 /* Frameworks */ = {
			isa = PBXFrameworksBuildPhase;
			buildActionMask = 2147483647;
			files = (
			);
			runOnlyForDeploymentPostprocessing = 0;
		};
/* End PBXFrameworksBuildPhase section */

/* Begin PBXGroup section */
		38FC6E1B28BA63C0006A1FE1 = {
			isa = PBXGroup;
			children = (
				38FC6E2628BA63C0006A1FE1 /* dementia */,
				38FC6E3C28BA63C2006A1FE1 /* dementiaTests */,
				38FC6E4628BA63C2006A1FE1 /* dementiaUITests */,
				38FC6E2528BA63C0006A1FE1 /* Products */,
			);
			sourceTree = "<group>";
		};
		38FC6E2528BA63C0006A1FE1 /* Products */ = {
			isa = PBXGroup;
			children = (
				38FC6E2428BA63C0006A1FE1 /* dementia.app */,
				38FC6E3928BA63C2006A1FE1 /* dementiaTests.xctest */,
				38FC6E4328BA63C2006A1FE1 /* dementiaUITests.xctest */,
			);
			name = Products;
			sourceTree = "<group>";
		};
		38FC6E2628BA63C0006A1FE1 /* dementia */ = {
			isa = PBXGroup;
			children = (
				38FC6E2728BA63C0006A1FE1 /* dementiaApp.swift */,
				38FC6E5628BA652F006A1FE1 /* Dementia.swift */,
				38FC6E2928BA63C0006A1FE1 /* ContentView.swift */,
				38FC6E5828BA6AB9006A1FE1 /* CardView.swift */,
				38FC6E2B28BA63C2006A1FE1 /* Assets.xcassets */,
				38FC6E3028BA63C2006A1FE1 /* Persistence.swift */,
				38FC6E3228BA63C2006A1FE1 /* dementia.xcdatamodeld */,
				38FC6E2D28BA63C2006A1FE1 /* Preview Content */,
			);
			path = dementia;
			sourceTree = "<group>";
		};
		38FC6E2D28BA63C2006A1FE1 /* Preview Content */ = {
			isa = PBXGroup;
			children = (
				38FC6E2E28BA63C2006A1FE1 /* Preview Assets.xcassets */,
			);
			path = "Preview Content";
			sourceTree = "<group>";
		};
		38FC6E3C28BA63C2006A1FE1 /* dementiaTests */ = {
			isa = PBXGroup;
			children = (
				38FC6E3D28BA63C2006A1FE1 /* dementiaTests.swift */,
			);
			path = dementiaTests;
			sourceTree = "<group>";
		};
		38FC6E4628BA63C2006A1FE1 /* dementiaUITests */ = {
			isa = PBXGroup;
			children = (
				38FC6E4728BA63C2006A1FE1 /* dementiaUITests.swift */,
				38FC6E4928BA63C2006A1FE1 /* dementiaUITestsLaunchTests.swift */,
			);
			path = dementiaUITests;
			sourceTree = "<group>";
		};
/* End PBXGroup section */

/* Begin PBXNativeTarget section */
		38FC6E2328BA63C0006A1FE1 /* dementia */ = {
			isa = PBXNativeTarget;
			buildConfigurationList = 38FC6E4D28BA63C2006A1FE1 /* Build configuration list for PBXNativeTarget "dementia" */;
			buildPhases = (
				38FC6E2028BA63C0006A1FE1 /* Sources */,
				38FC6E2128BA63C0006A1FE1 /* Frameworks */,
				38FC6E2228BA63C0006A1FE1 /* Resources */,
			);
			buildRules = (
			);
			dependencies = (
			);
			name = dementia;
			productName = dementia;
			productReference = 38FC6E2428BA63C0006A1FE1 /* dementia.app */;
			productType = "com.apple.product-type.application";
		};
		38FC6E3828BA63C2006A1FE1 /* dementiaTests */ = {
			isa = PBXNativeTarget;
			buildConfigurationList = 38FC6E5028BA63C2006A1FE1 /* Build configuration list for PBXNativeTarget "dementiaTests" */;
			buildPhases = (
				38FC6E3528BA63C2006A1FE1 /* Sources */,
				38FC6E3628BA63C2006A1FE1 /* Frameworks */,
				38FC6E3728BA63C2006A1FE1 /* Resources */,
			);
			buildRules = (
			);
			dependencies = (
				38FC6E3B28BA63C2006A1FE1 /* PBXTargetDependency */,
			);
			name = dementiaTests;
			productName = dementiaTests;
			productReference = 38FC6E3928BA63C2006A1FE1 /* dementiaTests.xctest */;
			productType = "com.apple.product-type.bundle.unit-test";
		};
		38FC6E4228BA63C2006A1FE1 /* dementiaUITests */ = {
			isa = PBXNativeTarget;
			buildConfigurationList = 38FC6E5328BA63C2006A1FE1 /* Build configuration list for PBXNativeTarget "dementiaUITests" */;
			buildPhases = (
				38FC6E3F28BA63C2006A1FE1 /* Sources */,
				38FC6E4028BA63C2006A1FE1 /* Frameworks */,
				38FC6E4128BA63C2006A1FE1 /* Resources */,
			);
			buildRules = (
			);
			dependencies = (
				38FC6E4528BA63C2006A1FE1 /* PBXTargetDependency */,
			);
			name = dementiaUITests;
			productName = dementiaUITests;
			productReference = 38FC6E4328BA63C2006A1FE1 /* dementiaUITests.xctest */;
			productType = "com.apple.product-type.bundle.ui-testing";
		};
/* End PBXNativeTarget section */

/* Begin PBXProject section */
		38FC6E1C28BA63C0006A1FE1 /* Project object */ = {
			isa = PBXProject;
			attributes = {
				BuildIndependentTargetsInParallel = 1;
				LastSwiftUpdateCheck = 1340;
				LastUpgradeCheck = 1340;
				TargetAttributes = {
					38FC6E2328BA63C0006A1FE1 = {
						CreatedOnToolsVersion = 13.4.1;
					};
					38FC6E3828BA63C2006A1FE1 = {
						CreatedOnToolsVersion = 13.4.1;
						TestTargetID = 38FC6E2328BA63C0006A1FE1;
					};
					38FC6E4228BA63C2006A1FE1 = {
						CreatedOnToolsVersion = 13.4.1;
						TestTargetID = 38FC6E2328BA63C0006A1FE1;
					};
				};
			};
			buildConfigurationList = 38FC6E1F28BA63C0006A1FE1 /* Build configuration list for PBXProject "dementia" */;
			compatibilityVersion = "Xcode 13.0";
			developmentRegion = en;
			hasScannedForEncodings = 0;
			knownRegions = (
				en,
				Base,
			);
			mainGroup = 38FC6E1B28BA63C0006A1FE1;
			productRefGroup = 38FC6E2528BA63C0006A1FE1 /* Products */;
			projectDirPath = "";
			projectRoot = "";
			targets = (
				38FC6E2328BA63C0006A1FE1 /* dementia */,
				38FC6E3828BA63C2006A1FE1 /* dementiaTests */,
				38FC6E4228BA63C2006A1FE1 /* dementiaUITests */,
			);
		};
/* End PBXProject section */

/* Begin PBXResourcesBuildPhase section */
		38FC6E2228BA63C0006A1FE1 /* Resources */ = {
			isa = PBXResourcesBuildPhase;
			buildActionMask = 2147483647;
			files = (
				38FC6E2F28BA63C2006A1FE1 /* Preview Assets.xcassets in Resources */,
				38FC6E2C28BA63C2006A1FE1 /* Assets.xcassets in Resources */,
			);
			runOnlyForDeploymentPostprocessing = 0;
		};
		38FC6E3728BA63C2006A1FE1 /* Resources */ = {
			isa = PBXResourcesBuildPhase;
			buildActionMask = 2147483647;
			files = (
			);
			runOnlyForDeploymentPostprocessing = 0;
		};
		38FC6E4128BA63C2006A1FE1 /* Resources */ = {
			isa = PBXResourcesBuildPhase;
			buildActionMask = 2147483647;
			files = (
			);
			runOnlyForDeploymentPostprocessing = 0;
		};
/* End PBXResourcesBuildPhase section */

/* Begin PBXSourcesBuildPhase section */
		38FC6E2028BA63C0006A1FE1 /* Sources */ = {
			isa = PBXSourcesBuildPhase;
			buildActionMask = 2147483647;
			files = (
				38FC6E3428BA63C2006A1FE1 /* dementia.xcdatamodeld in Sources */,
				38FC6E3128BA63C2006A1FE1 /* Persistence.swift in Sources */,
				38FC6E5928BA6AB9006A1FE1 /* CardView.swift in Sources */,
				38FC6E5728BA652F006A1FE1 /* Dementia.swift in Sources */,
				38FC6E2A28BA63C0006A1FE1 /* ContentView.swift in Sources */,
				38FC6E2828BA63C0006A1FE1 /* dementiaApp.swift in Sources */,
			);
			runOnlyForDeploymentPostprocessing = 0;
		};
		38FC6E3528BA63C2006A1FE1 /* Sources */ = {
			isa = PBXSourcesBuildPhase;
			buildActionMask = 2147483647;
			files = (
				38FC6E3E28BA63C2006A1FE1 /* dementiaTests.swift in Sources */,
			);
			runOnlyForDeploymentPostprocessing = 0;
		};
		38FC6E3F28BA63C2006A1FE1 /* Sources */ = {
			isa = PBXSourcesBuildPhase;
			buildActionMask = 2147483647;
			files = (
				38FC6E4A28BA63C2006A1FE1 /* dementiaUITestsLaunchTests.swift in Sources */,
				38FC6E4828BA63C2006A1FE1 /* dementiaUITests.swift in Sources */,
			);
			runOnlyForDeploymentPostprocessing = 0;
		};
/* End PBXSourcesBuildPhase section */

/* Begin PBXTargetDependency section */
		38FC6E3B28BA63C2006A1FE1 /* PBXTargetDependency */ = {
			isa = PBXTargetDependency;
			target = 38FC6E2328BA63C0006A1FE1 /* dementia */;
			targetProxy = 38FC6E3A28BA63C2006A1FE1 /* PBXContainerItemProxy */;
		};
		38FC6E4528BA63C2006A1FE1 /* PBXTargetDependency */ = {
			isa = PBXTargetDependency;
			target = 38FC6E2328BA63C0006A1FE1 /* dementia */;
			targetProxy = 38FC6E4428BA63C2006A1FE1 /* PBXContainerItemProxy */;
		};
/* End PBXTargetDependency section */

/* Begin XCBuildConfiguration section */
		38FC6E4B28BA63C2006A1FE1 /* Debug */ = {
			isa = XCBuildConfiguration;
			buildSettings = {
				ALWAYS_SEARCH_USER_PATHS = NO;
				CLANG_ANALYZER_NONNULL = YES;
				CLANG_ANALYZER_NUMBER_OBJECT_CONVERSION = YES_AGGRESSIVE;
				CLANG_CXX_LANGUAGE_STANDARD = "gnu++17";
				CLANG_ENABLE_MODULES = YES;
				CLANG_ENABLE_OBJC_ARC = YES;
				CLANG_ENABLE_OBJC_WEAK = YES;
				CLANG_WARN_BLOCK_CAPTURE_AUTORELEASING = YES;
				CLANG_WARN_BOOL_CONVERSION = YES;
				CLANG_WARN_COMMA = YES;
				CLANG_WARN_CONSTANT_CONVERSION = YES;
				CLANG_WARN_DEPRECATED_OBJC_IMPLEMENTATIONS = YES;
				CLANG_WARN_DIRECT_OBJC_ISA_USAGE = YES_ERROR;
				CLANG_WARN_DOCUMENTATION_COMMENTS = YES;
				CLANG_WARN_EMPTY_BODY = YES;
				CLANG_WARN_ENUM_CONVERSION = YES;
				CLANG_WARN_INFINITE_RECURSION = YES;
				CLANG_WARN_INT_CONVERSION = YES;
				CLANG_WARN_NON_LITERAL_NULL_CONVERSION = YES;
				CLANG_WARN_OBJC_IMPLICIT_RETAIN_SELF = YES;
				CLANG_WARN_OBJC_LITERAL_CONVERSION = YES;
				CLANG_WARN_OBJC_ROOT_CLASS = YES_ERROR;
				CLANG_WARN_QUOTED_INCLUDE_IN_FRAMEWORK_HEADER = YES;
				CLANG_WARN_RANGE_LOOP_ANALYSIS = YES;
				CLANG_WARN_STRICT_PROTOTYPES = YES;
				CLANG_WARN_SUSPICIOUS_MOVE = YES;
				CLANG_WARN_UNGUARDED_AVAILABILITY = YES_AGGRESSIVE;
				CLANG_WARN_UNREACHABLE_CODE = YES;
				CLANG_WARN__DUPLICATE_METHOD_MATCH = YES;
				COPY_PHASE_STRIP = NO;
				DEBUG_INFORMATION_FORMAT = dwarf;
				ENABLE_STRICT_OBJC_MSGSEND = YES;
				ENABLE_TESTABILITY = YES;
				GCC_C_LANGUAGE_STANDARD = gnu11;
				GCC_DYNAMIC_NO_PIC = NO;
				GCC_NO_COMMON_BLOCKS = YES;
				GCC_OPTIMIZATION_LEVEL = 0;
				GCC_PREPROCESSOR_DEFINITIONS = (
					"DEBUG=1",
					"$(inherited)",
				);
				GCC_WARN_64_TO_32_BIT_CONVERSION = YES;
				GCC_WARN_ABOUT_RETURN_TYPE = YES_ERROR;
				GCC_WARN_UNDECLARED_SELECTOR = YES;
				GCC_WARN_UNINITIALIZED_AUTOS = YES_AGGRESSIVE;
				GCC_WARN_UNUSED_FUNCTION = YES;
				GCC_WARN_UNUSED_VARIABLE = YES;
				IPHONEOS_DEPLOYMENT_TARGET = 15.5;
				MTL_ENABLE_DEBUG_INFO = INCLUDE_SOURCE;
				MTL_FAST_MATH = YES;
				ONLY_ACTIVE_ARCH = YES;
				SDKROOT = iphoneos;
				SWIFT_ACTIVE_COMPILATION_CONDITIONS = DEBUG;
				SWIFT_OPTIMIZATION_LEVEL = "-Onone";
			};
			name = Debug;
		};
		38FC6E4C28BA63C2006A1FE1 /* Release */ = {
			isa = XCBuildConfiguration;
			buildSettings = {
				ALWAYS_SEARCH_USER_PATHS = NO;
				CLANG_ANALYZER_NONNULL = YES;
				CLANG_ANALYZER_NUMBER_OBJECT_CONVERSION = YES_AGGRESSIVE;
				CLANG_CXX_LANGUAGE_STANDARD = "gnu++17";
				CLANG_ENABLE_MODULES = YES;
				CLANG_ENABLE_OBJC_ARC = YES;
				CLANG_ENABLE_OBJC_WEAK = YES;
				CLANG_WARN_BLOCK_CAPTURE_AUTORELEASING = YES;
				CLANG_WARN_BOOL_CONVERSION = YES;
				CLANG_WARN_COMMA = YES;
				CLANG_WARN_CONSTANT_CONVERSION = YES;
				CLANG_WARN_DEPRECATED_OBJC_IMPLEMENTATIONS = YES;
				CLANG_WARN_DIRECT_OBJC_ISA_USAGE = YES_ERROR;
				CLANG_WARN_DOCUMENTATION_COMMENTS = YES;
				CLANG_WARN_EMPTY_BODY = YES;
				CLANG_WARN_ENUM_CONVERSION = YES;
				CLANG_WARN_INFINITE_RECURSION = YES;
				CLANG_WARN_INT_CONVERSION = YES;
				CLANG_WARN_NON_LITERAL_NULL_CONVERSION = YES;
				CLANG_WARN_OBJC_IMPLICIT_RETAIN_SELF = YES;
				CLANG_WARN_OBJC_LITERAL_CONVERSION = YES;
				CLANG_WARN_OBJC_ROOT_CLASS = YES_ERROR;
				CLANG_WARN_QUOTED_INCLUDE_IN_FRAMEWORK_HEADER = YES;
				CLANG_WARN_RANGE_LOOP_ANALYSIS = YES;
				CLANG_WARN_STRICT_PROTOTYPES = YES;
				CLANG_WARN_SUSPICIOUS_MOVE = YES;
				CLANG_WARN_UNGUARDED_AVAILABILITY = YES_AGGRESSIVE;
				CLANG_WARN_UNREACHABLE_CODE = YES;
				CLANG_WARN__DUPLICATE_METHOD_MATCH = YES;
				COPY_PHASE_STRIP = NO;
				DEBUG_INFORMATION_FORMAT = "dwarf-with-dsym";
				ENABLE_NS_ASSERTIONS = NO;
				ENABLE_STRICT_OBJC_MSGSEND = YES;
				GCC_C_LANGUAGE_STANDARD = gnu11;
				GCC_NO_COMMON_BLOCKS = YES;
				GCC_WARN_64_TO_32_BIT_CONVERSION = YES;
				GCC_WARN_ABOUT_RETURN_TYPE = YES_ERROR;
				GCC_WARN_UNDECLARED_SELECTOR = YES;
				GCC_WARN_UNINITIALIZED_AUTOS = YES_AGGRESSIVE;
				GCC_WARN_UNUSED_FUNCTION = YES;
				GCC_WARN_UNUSED_VARIABLE = YES;
				IPHONEOS_DEPLOYMENT_TARGET = 15.5;
				MTL_ENABLE_DEBUG_INFO = NO;
				MTL_FAST_MATH = YES;
				SDKROOT = iphoneos;
				SWIFT_COMPILATION_MODE = wholemodule;
				SWIFT_OPTIMIZATION_LEVEL = "-O";
				VALIDATE_PRODUCT = YES;
			};
			name = Release;
		};
		38FC6E4E28BA63C2006A1FE1 /* Debug */ = {
			isa = XCBuildConfiguration;
			buildSettings = {
				ASSETCATALOG_COMPILER_APPICON_NAME = AppIcon;
				ASSETCATALOG_COMPILER_GLOBAL_ACCENT_COLOR_NAME = AccentColor;
				CODE_SIGN_STYLE = Automatic;
				CURRENT_PROJECT_VERSION = 1;
				DEVELOPMENT_ASSET_PATHS = "\"dementia/Preview Content\"";
				DEVELOPMENT_TEAM = LKR7PYJM92;
				ENABLE_PREVIEWS = YES;
				GENERATE_INFOPLIST_FILE = YES;
				INFOPLIST_KEY_UIApplicationSceneManifest_Generation = YES;
				INFOPLIST_KEY_UIApplicationSupportsIndirectInputEvents = YES;
				INFOPLIST_KEY_UILaunchScreen_Generation = YES;
				INFOPLIST_KEY_UISupportedInterfaceOrientations_iPad = "UIInterfaceOrientationPortrait UIInterfaceOrientationPortraitUpsideDown UIInterfaceOrientationLandscapeLeft UIInterfaceOrientationLandscapeRight";
				INFOPLIST_KEY_UISupportedInterfaceOrientations_iPhone = "UIInterfaceOrientationPortrait UIInterfaceOrientationLandscapeLeft UIInterfaceOrientationLandscapeRight";
				LD_RUNPATH_SEARCH_PATHS = (
					"$(inherited)",
					"@executable_path/Frameworks",
				);
				MARKETING_VERSION = 1.0;
				PRODUCT_BUNDLE_IDENTIFIER = AllysonW.dementia;
				PRODUCT_NAME = "$(TARGET_NAME)";
				SWIFT_EMIT_LOC_STRINGS = YES;
				SWIFT_VERSION = 5.0;
				TARGETED_DEVICE_FAMILY = "1,2";
			};
			name = Debug;
		};
		38FC6E4F28BA63C2006A1FE1 /* Release */ = {
			isa = XCBuildConfiguration;
			buildSettings = {
				ASSETCATALOG_COMPILER_APPICON_NAME = AppIcon;
				ASSETCATALOG_COMPILER_GLOBAL_ACCENT_COLOR_NAME = AccentColor;
				CODE_SIGN_STYLE = Automatic;
				CURRENT_PROJECT_VERSION = 1;
				DEVELOPMENT_ASSET_PATHS = "\"dementia/Preview Content\"";
				DEVELOPMENT_TEAM = LKR7PYJM92;
				ENABLE_PREVIEWS = YES;
				GENERATE_INFOPLIST_FILE = YES;
				INFOPLIST_KEY_UIApplicationSceneManifest_Generation = YES;
				INFOPLIST_KEY_UIApplicationSupportsIndirectInputEvents = YES;
				INFOPLIST_KEY_UILaunchScreen_Generation = YES;
				INFOPLIST_KEY_UISupportedInterfaceOrientations_iPad = "UIInterfaceOrientationPortrait UIInterfaceOrientationPortraitUpsideDown UIInterfaceOrientationLandscapeLeft UIInterfaceOrientationLandscapeRight";
				INFOPLIST_KEY_UISupportedInterfaceOrientations_iPhone = "UIInterfaceOrientationPortrait UIInterfaceOrientationLandscapeLeft UIInterfaceOrientationLandscapeRight";
				LD_RUNPATH_SEARCH_PATHS = (
					"$(inherited)",
					"@executable_path/Frameworks",
				);
				MARKETING_VERSION = 1.0;
				PRODUCT_BUNDLE_IDENTIFIER = AllysonW.dementia;
				PRODUCT_NAME = "$(TARGET_NAME)";
				SWIFT_EMIT_LOC_STRINGS = YES;
				SWIFT_VERSION = 5.0;
				TARGETED_DEVICE_FAMILY = "1,2";
			};
			name = Release;
		};
		38FC6E5128BA63C2006A1FE1 /* Debug */ = {
			isa = XCBuildConfiguration;
			buildSettings = {
				ALWAYS_EMBED_SWIFT_STANDARD_LIBRARIES = YES;
				BUNDLE_LOADER = "$(TEST_HOST)";
				CODE_SIGN_STYLE = Automatic;
				CURRENT_PROJECT_VERSION = 1;
				DEVELOPMENT_TEAM = LKR7PYJM92;
				GENERATE_INFOPLIST_FILE = YES;
				IPHONEOS_DEPLOYMENT_TARGET = 15.5;
				MARKETING_VERSION = 1.0;
				PRODUCT_BUNDLE_IDENTIFIER = AllysonW.dementiaTests;
				PRODUCT_NAME = "$(TARGET_NAME)";
				SWIFT_EMIT_LOC_STRINGS = NO;
				SWIFT_VERSION = 5.0;
				TARGETED_DEVICE_FAMILY = "1,2";
				TEST_HOST = "$(BUILT_PRODUCTS_DIR)/dementia.app/dementia";
			};
			name = Debug;
		};
		38FC6E5228BA63C2006A1FE1 /* Release */ = {
			isa = XCBuildConfiguration;
			buildSettings = {
				ALWAYS_EMBED_SWIFT_STANDARD_LIBRARIES = YES;
				BUNDLE_LOADER = "$(TEST_HOST)";
				CODE_SIGN_STYLE = Automatic;
				CURRENT_PROJECT_VERSION = 1;
				DEVELOPMENT_TEAM = LKR7PYJM92;
				GENERATE_INFOPLIST_FILE = YES;
				IPHONEOS_DEPLOYMENT_TARGET = 15.5;
				MARKETING_VERSION = 1.0;
				PRODUCT_BUNDLE_IDENTIFIER = AllysonW.dementiaTests;
				PRODUCT_NAME = "$(TARGET_NAME)";
				SWIFT_EMIT_LOC_STRINGS = NO;
				SWIFT_VERSION = 5.0;
				TARGETED_DEVICE_FAMILY = "1,2";
				TEST_HOST = "$(BUILT_PRODUCTS_DIR)/dementia.app/dementia";
			};
			name = Release;
		};
		38FC6E5428BA63C2006A1FE1 /* Debug */ = {
			isa = XCBuildConfiguration;
			buildSettings = {
				ALWAYS_EMBED_SWIFT_STANDARD_LIBRARIES = YES;
				CODE_SIGN_STYLE = Automatic;
				CURRENT_PROJECT_VERSION = 1;
				DEVELOPMENT_TEAM = LKR7PYJM92;
				GENERATE_INFOPLIST_FILE = YES;
				MARKETING_VERSION = 1.0;
				PRODUCT_BUNDLE_IDENTIFIER = AllysonW.dementiaUITests;
				PRODUCT_NAME = "$(TARGET_NAME)";
				SWIFT_EMIT_LOC_STRINGS = NO;
				SWIFT_VERSION = 5.0;
				TARGETED_DEVICE_FAMILY = "1,2";
				TEST_TARGET_NAME = dementia;
			};
			name = Debug;
		};
		38FC6E5528BA63C2006A1FE1 /* Release */ = {
			isa = XCBuildConfiguration;
			buildSettings = {
				ALWAYS_EMBED_SWIFT_STANDARD_LIBRARIES = YES;
				CODE_SIGN_STYLE = Automatic;
				CURRENT_PROJECT_VERSION = 1;
				DEVELOPMENT_TEAM = LKR7PYJM92;
				GENERATE_INFOPLIST_FILE = YES;
				MARKETING_VERSION = 1.0;
				PRODUCT_BUNDLE_IDENTIFIER = AllysonW.dementiaUITests;
				PRODUCT_NAME = "$(TARGET_NAME)";
				SWIFT_EMIT_LOC_STRINGS = NO;
				SWIFT_VERSION = 5.0;
				TARGETED_DEVICE_FAMILY = "1,2";
				TEST_TARGET_NAME = dementia;
			};
			name = Release;
		};
/* End XCBuildConfiguration section */

/* Begin XCConfigurationList section */
		38FC6E1F28BA63C0006A1FE1 /* Build configuration list for PBXProject "dementia" */ = {
			isa = XCConfigurationList;
			buildConfigurations = (
				38FC6E4B28BA63C2006A1FE1 /* Debug */,
				38FC6E4C28BA63C2006A1FE1 /* Release */,
			);
			defaultConfigurationIsVisible = 0;
			defaultConfigurationName = Release;
		};
		38FC6E4D28BA63C2006A1FE1 /* Build configuration list for PBXNativeTarget "dementia" */ = {
			isa = XCConfigurationList;
			buildConfigurations = (
				38FC6E4E28BA63C2006A1FE1 /* Debug */,
				38FC6E4F28BA63C2006A1FE1 /* Release */,
			);
			defaultConfigurationIsVisible = 0;
			defaultConfigurationName = Release;
		};
		38FC6E5028BA63C2006A1FE1 /* Build configuration list for PBXNativeTarget "dementiaTests" */ = {
			isa = XCConfigurationList;
			buildConfigurations = (
				38FC6E5128BA63C2006A1FE1 /* Debug */,
				38FC6E5228BA63C2006A1FE1 /* Release */,
			);
			defaultConfigurationIsVisible = 0;
			defaultConfigurationName = Release;
		};
		38FC6E5328BA63C2006A1FE1 /* Build configuration list for PBXNativeTarget "dementiaUITests" */ = {
			isa = XCConfigurationList;
			buildConfigurations = (
				38FC6E5428BA63C2006A1FE1 /* Debug */,
				38FC6E5528BA63C2006A1FE1 /* Release */,
			);
			defaultConfigurationIsVisible = 0;
			defaultConfigurationName = Release;
		};
/* End XCConfigurationList section */

/* Begin XCVersionGroup section */
		38FC6E3228BA63C2006A1FE1 /* dementia.xcdatamodeld */ = {
			isa = XCVersionGroup;
			children = (
				38FC6E3328BA63C2006A1FE1 /* dementia.xcdatamodel */,
			);
			currentVersion = 38FC6E3328BA63C2006A1FE1 /* dementia.xcdatamodel */;
			path = dementia.xcdatamodeld;
			sourceTree = "<group>";
			versionGroupType = wrapper.xcdatamodel;
		};
/* End XCVersionGroup section */
	};
	rootObject = 38FC6E1C28BA63C0006A1FE1 /* Project object */;
}
